// !$*UTF8*$!
{
	archiveVersion = 1;
	classes = {
	};
	objectVersion = 50;
	objects = {

/* Begin PBXBuildFile section */
		3076F69F235F446D00F069CE /* AppDelegate.swift in Sources */ = {isa = PBXBuildFile; fileRef = 3076F69E235F446D00F069CE /* AppDelegate.swift */; };
		3076F6A1235F446D00F069CE /* SceneDelegate.swift in Sources */ = {isa = PBXBuildFile; fileRef = 3076F6A0235F446D00F069CE /* SceneDelegate.swift */; };
		3076F6A3235F446D00F069CE /* ViewController.swift in Sources */ = {isa = PBXBuildFile; fileRef = 3076F6A2235F446D00F069CE /* ViewController.swift */; };
		3076F6A6235F446D00F069CE /* Main.storyboard in Resources */ = {isa = PBXBuildFile; fileRef = 3076F6A4235F446D00F069CE /* Main.storyboard */; };
		3076F6A8235F446D00F069CE /* Assets.xcassets in Resources */ = {isa = PBXBuildFile; fileRef = 3076F6A7235F446D00F069CE /* Assets.xcassets */; };
		3076F6AB235F446D00F069CE /* LaunchScreen.storyboard in Resources */ = {isa = PBXBuildFile; fileRef = 3076F6A9235F446D00F069CE /* LaunchScreen.storyboard */; };
		3076F6B3235F4B1900F069CE /* Jokes.swift in Sources */ = {isa = PBXBuildFile; fileRef = 3076F6B2235F4B1900F069CE /* Jokes.swift */; };
		30F3D9AB2361E1E400C0C20C /* Munchie.png in Resources */ = {isa = PBXBuildFile; fileRef = 30F3D9A72361E1E300C0C20C /* Munchie.png */; };
		30F3D9AC2361E1E400C0C20C /* Astro.png in Resources */ = {isa = PBXBuildFile; fileRef = 30F3D9A82361E1E300C0C20C /* Astro.png */; };
		30F3D9AD2361E1E400C0C20C /* Squido.png in Resources */ = {isa = PBXBuildFile; fileRef = 30F3D9A92361E1E400C0C20C /* Squido.png */; };
		30F3D9AE2361E1E400C0C20C /* Fluffy.png in Resources */ = {isa = PBXBuildFile; fileRef = 30F3D9AA2361E1E400C0C20C /* Fluffy.png */; };
/* End PBXBuildFile section */

/* Begin PBXFileReference section */
		3076F69B235F446D00F069CE /* SecondIosApp.app */ = {isa = PBXFileReference; explicitFileType = wrapper.application; includeInIndex = 0; path = SecondIosApp.app; sourceTree = BUILT_PRODUCTS_DIR; };
		3076F69E235F446D00F069CE /* AppDelegate.swift */ = {isa = PBXFileReference; lastKnownFileType = sourcecode.swift; path = AppDelegate.swift; sourceTree = "<group>"; };
		3076F6A0235F446D00F069CE /* SceneDelegate.swift */ = {isa = PBXFileReference; lastKnownFileType = sourcecode.swift; path = SceneDelegate.swift; sourceTree = "<group>"; };
		3076F6A2235F446D00F069CE /* ViewController.swift */ = {isa = PBXFileReference; lastKnownFileType = sourcecode.swift; path = ViewController.swift; sourceTree = "<group>"; };
		3076F6A5235F446D00F069CE /* Base */ = {isa = PBXFileReference; lastKnownFileType = file.storyboard; name = Base; path = Base.lproj/Main.storyboard; sourceTree = "<group>"; };
		3076F6A7235F446D00F069CE /* Assets.xcassets */ = {isa = PBXFileReference; lastKnownFileType = folder.assetcatalog; path = Assets.xcassets; sourceTree = "<group>"; };
		3076F6AA235F446D00F069CE /* Base */ = {isa = PBXFileReference; lastKnownFileType = file.storyboard; name = Base; path = Base.lproj/LaunchScreen.storyboard; sourceTree = "<group>"; };
		3076F6AC235F446D00F069CE /* Info.plist */ = {isa = PBXFileReference; lastKnownFileType = text.plist.xml; path = Info.plist; sourceTree = "<group>"; };
		3076F6B2235F4B1900F069CE /* Jokes.swift */ = {isa = PBXFileReference; lastKnownFileType = sourcecode.swift; path = Jokes.swift; sourceTree = "<group>"; };
		30F3D9A72361E1E300C0C20C /* Munchie.png */ = {isa = PBXFileReference; lastKnownFileType = image.png; path = Munchie.png; sourceTree = "<group>"; };
		30F3D9A82361E1E300C0C20C /* Astro.png */ = {isa = PBXFileReference; lastKnownFileType = image.png; path = Astro.png; sourceTree = "<group>"; };
		30F3D9A92361E1E400C0C20C /* Squido.png */ = {isa = PBXFileReference; lastKnownFileType = image.png; path = Squido.png; sourceTree = "<group>"; };
		30F3D9AA2361E1E400C0C20C /* Fluffy.png */ = {isa = PBXFileReference; lastKnownFileType = image.png; path = Fluffy.png; sourceTree = "<group>"; };
/* End PBXFileReference section */

/* Begin PBXFrameworksBuildPhase section */
		3076F698235F446D00F069CE /* Frameworks */ = {
			isa = PBXFrameworksBuildPhase;
			buildActionMask = 2147483647;
			files = (
			);
			runOnlyForDeploymentPostprocessing = 0;
		};
/* End PBXFrameworksBuildPhase section */

/* Begin PBXGroup section */
		3076F692235F446D00F069CE = {
			isa = PBXGroup;
			children = (
				3076F69D235F446D00F069CE /* SecondIosApp */,
				3076F69C235F446D00F069CE /* Products */,
			);
			sourceTree = "<group>";
		};
		3076F69C235F446D00F069CE /* Products */ = {
			isa = PBXGroup;
			children = (
				3076F69B235F446D00F069CE /* SecondIosApp.app */,
			);
			name = Products;
			sourceTree = "<group>";
		};
		3076F69D235F446D00F069CE /* SecondIosApp */ = {
			isa = PBXGroup;
			children = (
				3076F69E235F446D00F069CE /* AppDelegate.swift */,
				3076F6A0235F446D00F069CE /* SceneDelegate.swift */,
				3076F6A2235F446D00F069CE /* ViewController.swift */,
				3076F6A4235F446D00F069CE /* Main.storyboard */,
				3076F6A7235F446D00F069CE /* Assets.xcassets */,
				3076F6A9235F446D00F069CE /* LaunchScreen.storyboard */,
				3076F6AC235F446D00F069CE /* Info.plist */,
				3076F6B2235F4B1900F069CE /* Jokes.swift */,
				30F3D9A82361E1E300C0C20C /* Astro.png */,
				30F3D9AA2361E1E400C0C20C /* Fluffy.png */,
				30F3D9A72361E1E300C0C20C /* Munchie.png */,
				30F3D9A92361E1E400C0C20C /* Squido.png */,
			);
			path = SecondIosApp;
			sourceTree = "<group>";
		};
/* End PBXGroup section */

/* Begin PBXNativeTarget section */
		3076F69A235F446D00F069CE /* SecondIosApp */ = {
			isa = PBXNativeTarget;
			buildConfigurationList = 3076F6AF235F446D00F069CE /* Build configuration list for PBXNativeTarget "SecondIosApp" */;
			buildPhases = (
				3076F697235F446D00F069CE /* Sources */,
				3076F698235F446D00F069CE /* Frameworks */,
				3076F699235F446D00F069CE /* Resources */,
			);
			buildRules = (
			);
			dependencies = (
			);
			name = SecondIosApp;
			productName = SecondIosApp;
			productReference = 3076F69B235F446D00F069CE /* SecondIosApp.app */;
			productType = "com.apple.product-type.application";
		};
/* End PBXNativeTarget section */

/* Begin PBXProject section */
		3076F693235F446D00F069CE /* Project object */ = {
			isa = PBXProject;
			attributes = {
				LastSwiftUpdateCheck = 1110;
				LastUpgradeCheck = 1110;
				ORGANIZATIONNAME = "Roy, Bishakha";
				TargetAttributes = {
					3076F69A235F446D00F069CE = {
						CreatedOnToolsVersion = 11.1;
					};
				};
			};
			buildConfigurationList = 3076F696235F446D00F069CE /* Build configuration list for PBXProject "SecondIosApp" */;
			compatibilityVersion = "Xcode 9.3";
			developmentRegion = en;
			hasScannedForEncodings = 0;
			knownRegions = (
				en,
				Base,
			);
			mainGroup = 3076F692235F446D00F069CE;
			productRefGroup = 3076F69C235F446D00F069CE /* Products */;
			projectDirPath = "";
			projectRoot = "";
			targets = (
				3076F69A235F446D00F069CE /* SecondIosApp */,
			);
		};
/* End PBXProject section */

/* Begin PBXResourcesBuildPhase section */
		3076F699235F446D00F069CE /* Resources */ = {
			isa = PBXResourcesBuildPhase;
			buildActionMask = 2147483647;
			files = (
				3076F6AB235F446D00F069CE /* LaunchScreen.storyboard in Resources */,
				30F3D9AC2361E1E400C0C20C /* Astro.png in Resources */,
				3076F6A8235F446D00F069CE /* Assets.xcassets in Resources */,
				30F3D9AE2361E1E400C0C20C /* Fluffy.png in Resources */,
				3076F6A6235F446D00F069CE /* Main.storyboard in Resources */,
				30F3D9AD2361E1E400C0C20C /* Squido.png in Resources */,
				30F3D9AB2361E1E400C0C20C /* Munchie.png in Resources */,
			);
			runOnlyForDeploymentPostprocessing = 0;
		};
/* End PBXResourcesBuildPhase section */

/* Begin PBXSourcesBuildPhase section */
		3076F697235F446D00F069CE /* Sources */ = {
			isa = PBXSourcesBuildPhase;
			buildActionMask = 2147483647;
			files = (
				3076F6A3235F446D00F069CE /* ViewController.swift in Sources */,
				3076F69F235F446D00F069CE /* AppDelegate.swift in Sources */,
				3076F6B3235F4B1900F069CE /* Jokes.swift in Sources */,
				3076F6A1235F446D00F069CE /* SceneDelegate.swift in Sources */,
			);
			runOnlyForDeploymentPostprocessing = 0;
		};
/* End PBXSourcesBuildPhase section */

/* Begin PBXVariantGroup section */
		3076F6A4235F446D00F069CE /* Main.storyboard */ = {
			isa = PBXVariantGroup;
			children = (
				3076F6A5235F446D00F069CE /* Base */,
			);
			name = Main.storyboard;
			sourceTree = "<group>";
		};
		3076F6A9235F446D00F069CE /* LaunchScreen.storyboard */ = {
			isa = PBXVariantGroup;
			children = (
				3076F6AA235F446D00F069CE /* Base */,
			);
			name = LaunchScreen.storyboard;
			sourceTree = "<group>";
		};
/* End PBXVariantGroup section */

/* Begin XCBuildConfiguration section */
		3076F6AD235F446D00F069CE /* Debug */ = {
			isa = XCBuildConfiguration;
			buildSettings = {
				ALWAYS_SEARCH_USER_PATHS = NO;
				CLANG_ANALYZER_NONNULL = YES;
				CLANG_ANALYZER_NUMBER_OBJECT_CONVERSION = YES_AGGRESSIVE;
				CLANG_CXX_LANGUAGE_STANDARD = "gnu++14";
				CLANG_CXX_LIBRARY = "libc++";
				CLANG_ENABLE_MODULES = YES;
				CLANG_ENABLE_OBJC_ARC = YES;
				CLANG_ENABLE_OBJC_WEAK = YES;
				CLANG_WARN_BLOCK_CAPTURE_AUTORELEASING = YES;
				CLANG_WARN_BOOL_CONVERSION = YES;
				CLANG_WARN_COMMA = YES;
				CLANG_WARN_CONSTANT_CONVERSION = YES;
				CLANG_WARN_DEPRECATED_OBJC_IMPLEMENTATIONS = YES;
				CLANG_WARN_DIRECT_OBJC_ISA_USAGE = YES_ERROR;
				CLANG_WARN_DOCUMENTATION_COMMENTS = YES;
				CLANG_WARN_EMPTY_BODY = YES;
				CLANG_WARN_ENUM_CONVERSION = YES;
				CLANG_WARN_INFINITE_RECURSION = YES;
				CLANG_WARN_INT_CONVERSION = YES;
				CLANG_WARN_NON_LITERAL_NULL_CONVERSION = YES;
				CLANG_WARN_OBJC_IMPLICIT_RETAIN_SELF = YES;
				CLANG_WARN_OBJC_LITERAL_CONVERSION = YES;
				CLANG_WARN_OBJC_ROOT_CLASS = YES_ERROR;
				CLANG_WARN_RANGE_LOOP_ANALYSIS = YES;
				CLANG_WARN_STRICT_PROTOTYPES = YES;
				CLANG_WARN_SUSPICIOUS_MOVE = YES;
				CLANG_WARN_UNGUARDED_AVAILABILITY = YES_AGGRESSIVE;
				CLANG_WARN_UNREACHABLE_CODE = YES;
				CLANG_WARN__DUPLICATE_METHOD_MATCH = YES;
				COPY_PHASE_STRIP = NO;
				DEBUG_INFORMATION_FORMAT = dwarf;
				ENABLE_STRICT_OBJC_MSGSEND = YES;
				ENABLE_TESTABILITY = YES;
				GCC_C_LANGUAGE_STANDARD = gnu11;
				GCC_DYNAMIC_NO_PIC = NO;
				GCC_NO_COMMON_BLOCKS = YES;
				GCC_OPTIMIZATION_LEVEL = 0;
				GCC_PREPROCESSOR_DEFINITIONS = (
					"DEBUG=1",
					"$(inherited)",
				);
				GCC_WARN_64_TO_32_BIT_CONVERSION = YES;
				GCC_WARN_ABOUT_RETURN_TYPE = YES_ERROR;
				GCC_WARN_UNDECLARED_SELECTOR = YES;
				GCC_WARN_UNINITIALIZED_AUTOS = YES_AGGRESSIVE;
				GCC_WARN_UNUSED_FUNCTION = YES;
				GCC_WARN_UNUSED_VARIABLE = YES;
				IPHONEOS_DEPLOYMENT_TARGET = 13.1;
				MTL_ENABLE_DEBUG_INFO = INCLUDE_SOURCE;
				MTL_FAST_MATH = YES;
				ONLY_ACTIVE_ARCH = YES;
				SDKROOT = iphoneos;
				SWIFT_ACTIVE_COMPILATION_CONDITIONS = DEBUG;
				SWIFT_OPTIMIZATION_LEVEL = "-Onone";
			};
			name = Debug;
		};
		3076F6AE235F446D00F069CE /* Release */ = {
			isa = XCBuildConfiguration;
			buildSettings = {
				ALWAYS_SEARCH_USER_PATHS = NO;
				CLANG_ANALYZER_NONNULL = YES;
				CLANG_ANALYZER_NUMBER_OBJECT_CONVERSION = YES_AGGRESSIVE;
				CLANG_CXX_LANGUAGE_STANDARD = "gnu++14";
				CLANG_CXX_LIBRARY = "libc++";
				CLANG_ENABLE_MODULES = YES;
				CLANG_ENABLE_OBJC_ARC = YES;
				CLANG_ENABLE_OBJC_WEAK = YES;
				CLANG_WARN_BLOCK_CAPTURE_AUTORELEASING = YES;
				CLANG_WARN_BOOL_CONVERSION = YES;
				CLANG_WARN_COMMA = YES;
				CLANG_WARN_CONSTANT_CONVERSION = YES;
				CLANG_WARN_DEPRECATED_OBJC_IMPLEMENTATIONS = YES;
				CLANG_WARN_DIRECT_OBJC_ISA_USAGE = YES_ERROR;
				CLANG_WARN_DOCUMENTATION_COMMENTS = YES;
				CLANG_WARN_EMPTY_BODY = YES;
				CLANG_WARN_ENUM_CONVERSION = YES;
				CLANG_WARN_INFINITE_RECURSION = YES;
				CLANG_WARN_INT_CONVERSION = YES;
				CLANG_WARN_NON_LITERAL_NULL_CONVERSION = YES;
				CLANG_WARN_OBJC_IMPLICIT_RETAIN_SELF = YES;
				CLANG_WARN_OBJC_LITERAL_CONVERSION = YES;
				CLANG_WARN_OBJC_ROOT_CLASS = YES_ERROR;
				CLANG_WARN_RANGE_LOOP_ANALYSIS = YES;
				CLANG_WARN_STRICT_PROTOTYPES = YES;
				CLANG_WARN_SUSPICIOUS_MOVE = YES;
				CLANG_WARN_UNGUARDED_AVAILABILITY = YES_AGGRESSIVE;
				CLANG_WARN_UNREACHABLE_CODE = YES;
				CLANG_WARN__DUPLICATE_METHOD_MATCH = YES;
				COPY_PHASE_STRIP = NO;
				DEBUG_INFORMATION_FORMAT = "dwarf-with-dsym";
				ENABLE_NS_ASSERTIONS = NO;
				ENABLE_STRICT_OBJC_MSGSEND = YES;
				GCC_C_LANGUAGE_STANDARD = gnu11;
				GCC_NO_COMMON_BLOCKS = YES;
				GCC_WARN_64_TO_32_BIT_CONVERSION = YES;
				GCC_WARN_ABOUT_RETURN_TYPE = YES_ERROR;
				GCC_WARN_UNDECLARED_SELECTOR = YES;
				GCC_WARN_UNINITIALIZED_AUTOS = YES_AGGRESSIVE;
				GCC_WARN_UNUSED_FUNCTION = YES;
				GCC_WARN_UNUSED_VARIABLE = YES;
				IPHONEOS_DEPLOYMENT_TARGET = 13.1;
				MTL_ENABLE_DEBUG_INFO = NO;
				MTL_FAST_MATH = YES;
				SDKROOT = iphoneos;
				SWIFT_COMPILATION_MODE = wholemodule;
				SWIFT_OPTIMIZATION_LEVEL = "-O";
				VALIDATE_PRODUCT = YES;
			};
			name = Release;
		};
		3076F6B0235F446D00F069CE /* Debug */ = {
			isa = XCBuildConfiguration;
			buildSettings = {
				ASSETCATALOG_COMPILER_APPICON_NAME = AppIcon;
				CODE_SIGN_STYLE = Automatic;
				DEVELOPMENT_TEAM = 6CG5X9836D;
				INFOPLIST_FILE = SecondIosApp/Info.plist;
				LD_RUNPATH_SEARCH_PATHS = (
					"$(inherited)",
					"@executable_path/Frameworks",
				);
				PRODUCT_BUNDLE_IDENTIFIER = "Bishakha-Roy.SecondIosApp";
				PRODUCT_NAME = "$(TARGET_NAME)";
				SWIFT_VERSION = 5.0;
				TARGETED_DEVICE_FAMILY = 1;
			};
			name = Debug;
		};
		3076F6B1235F446D00F069CE /* Release */ = {
			isa = XCBuildConfiguration;
			buildSettings = {
				ASSETCATALOG_COMPILER_APPICON_NAME = AppIcon;
				CODE_SIGN_STYLE = Automatic;
				DEVELOPMENT_TEAM = 6CG5X9836D;
				INFOPLIST_FILE = SecondIosApp/Info.plist;
				LD_RUNPATH_SEARCH_PATHS = (
					"$(inherited)",
					"@executable_path/Frameworks",
				);
				PRODUCT_BUNDLE_IDENTIFIER = "Bishakha-Roy.SecondIosApp";
				PRODUCT_NAME = "$(TARGET_NAME)";
				SWIFT_VERSION = 5.0;
				TARGETED_DEVICE_FAMILY = 1;
			};
			name = Release;
		};
/* End XCBuildConfiguration section */

/* Begin XCConfigurationList section */
		3076F696235F446D00F069CE /* Build configuration list for PBXProject "SecondIosApp" */ = {
			isa = XCConfigurationList;
			buildConfigurations = (
				3076F6AD235F446D00F069CE /* Debug */,
				3076F6AE235F446D00F069CE /* Release */,
			);
			defaultConfigurationIsVisible = 0;
			defaultConfigurationName = Release;
		};
		3076F6AF235F446D00F069CE /* Build configuration list for PBXNativeTarget "SecondIosApp" */ = {
			isa = XCConfigurationList;
			buildConfigurations = (
				3076F6B0235F446D00F069CE /* Debug */,
				3076F6B1235F446D00F069CE /* Release */,
			);
			defaultConfigurationIsVisible = 0;
			defaultConfigurationName = Release;
		};
/* End XCConfigurationList section */
	};
	rootObject = 3076F693235F446D00F069CE /* Project object */;
}
